<?xml version="1.0" encoding="UTF-8" standalone="yes" ?>
<CodeBlocks_project_file>
	<FileVersion major="1" minor="6" />
	<Project>
		<Option title="sgetest" />
		<Option pch_mode="2" />
		<Option compiler="gcc" />
		<Build>
			<Target title="Debug">
				<Option output="..\..\..\bin\sgetest" prefix_auto="1" extension_auto="1" />
				<Option object_output="obj\Debug\" />
				<Option type="1" />
				<Option compiler="gcc" />
				<Compiler>
					<Add option="-g" />
				</Compiler>
				<Linker>
					<Add option="-Wl,-R,." />
					<Add option="-Wl,-R,plugins" />
					<Add library="boost_signals" />
					<Add library="sgegui" />
					<Add library="sgecore" />
					<Add directory="..\..\..\bin" />
				</Linker>
			</Target>
			<Target title="Release">
				<Option output="..\..\..\bin\sgetest" prefix_auto="1" extension_auto="1" />
				<Option object_output="obj\Release\" />
				<Option type="1" />
				<Option compiler="gcc" />
				<Compiler>
					<Add option="-O2" />
				</Compiler>
				<Linker>
					<Add option="-Wl,-R,." />
					<Add option="-Wl,-R,plugins" />
					<Add library="boost_signals" />
					<Add library="sgegui" />
					<Add library="sgecore" />
					<Add directory="..\..\..\bin" />
				</Linker>
			</Target>
		</Build>
		<Compiler>
			<Add option="-W" />
			<Add option="-Wall" />
			<Add option="-pedantic" />
			<Add option="-ansi" />
			<Add option="-Wno-long-long" />
		</Compiler>
		<Unit filename="..\..\..\src\gui\cursor.cpp" />
		<Unit filename="..\..\..\src\gui\cursor.hpp" />
		<Unit filename="..\..\..\test\guitest.cpp" />
		<Extensions>
			<code_completion />
			<envvars />
			<debugger />
		</Extensions>
	</Project>
</CodeBlocks_project_file>
