<?xml version="1.0" encoding="UTF-8" standalone="yes" ?>
<CodeBlocks_project_file>
	<FileVersion major="1" minor="6" />
	<Project>
		<Option title="sgedevil" />
		<Option pch_mode="2" />
		<Option compiler="gcc" />
		<Build>
			<Target title="Debug">
				<Option output="..\..\..\bin\plugins\sgedevil.dll" prefix_auto="1" extension_auto="1" />
				<Option object_output="obj\Debug\" />
				<Option type="3" />
				<Option compiler="gcc" />
				<Option createDefFile="1" />
				<Option createStaticLib="1" />
				<Compiler>
					<Add option="-g" />
					<Add directory="C:\Programme\CodeBlocks\DevIL\include" />
				</Compiler>
				<Linker>
					<Add library="DevIL" />
					<Add library="ILU" />
					<Add library="ILUT" />
					<Add directory="C:\Programme\CodeBlocks\DevIL\lib" />
				</Linker>
			</Target>
			<Target title="Release">
				<Option output=".\sgedevil.dll" prefix_auto="1" extension_auto="1" />
				<Option object_output="obj\Release\" />
				<Option type="3" />
				<Option compiler="gcc" />
				<Option createDefFile="1" />
				<Option createStaticLib="1" />
				<Compiler>
					<Add option="-O2" />
				</Compiler>
				<Linker>
					<Add option="-s" />
				</Linker>
			</Target>
		</Build>
		<Compiler>
			<Add option="-Wall" />
		</Compiler>
		<Unit filename="..\..\..\src\plugins\devil\error.hpp" />
		<Unit filename="..\..\..\src\plugins\devil\image.hpp" />
		<Unit filename="..\..\..\src\plugins\devil\image_loader.hpp" />
		<Unit filename="..\..\..\src\plugins\devil\src\error.cpp" />
		<Unit filename="..\..\..\src\plugins\devil\src\exports.cpp" />
		<Unit filename="..\..\..\src\plugins\devil\src\image.cpp" />
		<Unit filename="..\..\..\src\plugins\devil\src\image_loader.cpp" />
		<Extensions>
			<code_completion />
		</Extensions>
	</Project>
</CodeBlocks_project_file>
