<?xml version="1.0" encoding="UTF-8" standalone="yes" ?>
<CodeBlocks_project_file>
	<FileVersion major="1" minor="6" />
	<Project>
		<Option title="sgeogl" />
		<Option pch_mode="2" />
		<Option compiler="gcc" />
		<Build>
			<Target title="Debug">
				<Option output="..\..\..\bin\plugins\sgeogl.dll" prefix_auto="1" extension_auto="1" />
				<Option object_output="obj\Debug\" />
				<Option type="3" />
				<Option compiler="gcc" />
				<Option createDefFile="1" />
				<Option createStaticLib="1" />
				<Compiler>
					<Add option="-g" />
					<Add option="-Wno-long-long" />
				</Compiler>
				<Linker>
					<Add library="glew32" />
					<Add library="opengl32" />
					<Add library="gdi32" />
					<Add library="sgecore" />
					<Add directory="..\..\..\bin" />
				</Linker>
			</Target>
			<Target title="Release">
				<Option output=".\sgeogl.dll" prefix_auto="1" extension_auto="1" />
				<Option object_output="obj\Release\" />
				<Option type="3" />
				<Option compiler="gcc" />
				<Option createDefFile="1" />
				<Option createStaticLib="1" />
				<Compiler>
					<Add option="-O2" />
				</Compiler>
				<Linker>
					<Add option="-s" />
				</Linker>
			</Target>
		</Build>
		<Compiler>
			<Add option="-Wall" />
			<Add directory="C:\Programme\CodeBlocks\glew\include" />
		</Compiler>
		<Linker>
			<Add directory="C:\Programme\CodeBlocks\glew\bin" />
			<Add directory="C:\Programme\CodeBlocks\glew\lib" />
		</Linker>
		<Unit filename="..\..\..\src\plugins\ogl\basic_arb_buffer.hpp" />
		<Unit filename="..\..\..\src\plugins\ogl\basic_texture.hpp" />
		<Unit filename="..\..\..\src\plugins\ogl\common.hpp" />
		<Unit filename="..\..\..\src\plugins\ogl\conversion.hpp" />
		<Unit filename="..\..\..\src\plugins\ogl\cube_texture.hpp" />
		<Unit filename="..\..\..\src\plugins\ogl\default_render_target.hpp" />
		<Unit filename="..\..\..\src\plugins\ogl\error.hpp" />
		<Unit filename="..\..\..\src\plugins\ogl\extension.hpp" />
		<Unit filename="..\..\..\src\plugins\ogl\fbo_render_target.hpp" />
		<Unit filename="..\..\..\src\plugins\ogl\glx_context.hpp" />
		<Unit filename="..\..\..\src\plugins\ogl\glx_current.hpp" />
		<Unit filename="..\..\..\src\plugins\ogl\glx_visual.hpp" />
		<Unit filename="..\..\..\src\plugins\ogl\index_buffer.hpp" />
		<Unit filename="..\..\..\src\plugins\ogl\render_target.hpp" />
		<Unit filename="..\..\..\src\plugins\ogl\renderer.hpp" />
		<Unit filename="..\..\..\src\plugins\ogl\renderer_system.hpp" />
		<Unit filename="..\..\..\src\plugins\ogl\src\conversion.cpp" />
		<Unit filename="..\..\..\src\plugins\ogl\src\cube_texture.cpp" />
		<Unit filename="..\..\..\src\plugins\ogl\src\default_render_target.cpp" />
		<Unit filename="..\..\..\src\plugins\ogl\src\exports.cpp" />
		<Unit filename="..\..\..\src\plugins\ogl\src\extension.cpp" />
		<Unit filename="..\..\..\src\plugins\ogl\src\fbo_render_target.cpp" />
		<Unit filename="..\..\..\src\plugins\ogl\src\glx_context.cpp" />
		<Unit filename="..\..\..\src\plugins\ogl\src\glx_current.cpp" />
		<Unit filename="..\..\..\src\plugins\ogl\src\glx_visual.cpp" />
		<Unit filename="..\..\..\src\plugins\ogl\src\index_buffer.cpp" />
		<Unit filename="..\..\..\src\plugins\ogl\src\render_target.cpp" />
		<Unit filename="..\..\..\src\plugins\ogl\src\renderer.cpp" />
		<Unit filename="..\..\..\src\plugins\ogl\src\renderer_system.cpp" />
		<Unit filename="..\..\..\src\plugins\ogl\src\texture.cpp" />
		<Unit filename="..\..\..\src\plugins\ogl\src\texture_base.cpp" />
		<Unit filename="..\..\..\src\plugins\ogl\src\vertex_buffer.cpp" />
		<Unit filename="..\..\..\src\plugins\ogl\src\vertex_format.cpp" />
		<Unit filename="..\..\..\src\plugins\ogl\src\volume_texture.cpp" />
		<Unit filename="..\..\..\src\plugins\ogl\src\x_colormap.cpp" />
		<Unit filename="..\..\..\src\plugins\ogl\src\xf86_resolution.cpp" />
		<Unit filename="..\..\..\src\plugins\ogl\src\xf86vidmode.cpp" />
		<Unit filename="..\..\..\src\plugins\ogl\texture.hpp" />
		<Unit filename="..\..\..\src\plugins\ogl\texture_base.hpp" />
		<Unit filename="..\..\..\src\plugins\ogl\vertex_buffer.hpp" />
		<Unit filename="..\..\..\src\plugins\ogl\vertex_format.hpp" />
		<Unit filename="..\..\..\src\plugins\ogl\volume_texture.hpp" />
		<Unit filename="..\..\..\src\plugins\ogl\x_colormap.hpp" />
		<Unit filename="..\..\..\src\plugins\ogl\xf86_resolution.hpp" />
		<Unit filename="..\..\..\src\plugins\ogl\xf86vidmode.hpp" />
		<Extensions>
			<code_completion />
		</Extensions>
	</Project>
</CodeBlocks_project_file>
