<?xml version="1.0" encoding="UTF-8" standalone="yes" ?>
<CodeBlocks_project_file>
	<FileVersion major="1" minor="6" />
	<Project>
		<Option title="sgecore" />
		<Option pch_mode="2" />
		<Option compiler="gcc" />
		<Build>
			<Target title="Debug">
				<Option output="..\..\..\bin\sgecore" prefix_auto="1" extension_auto="1" />
				<Option object_output="obj\Debug\" />
				<Option type="3" />
				<Option compiler="gcc" />
				<Option createDefFile="1" />
				<Option createStaticLib="1" />
				<Compiler>
					<Add option="-g" />
				</Compiler>
				<Linker>
					<Add library='iconv' />
					<Add library='boost_filesystem' />
					<Add library='boost_regex' />
					<Add library='boost_signals' />
					<Add directory="..\..\..\bin" />
					<Add option="-Wl,-R,." />
					<Add option="-Wl,-R,plugins" />
				</Linker>
			</Target>
			<Target title="Release">
				<Option output="..\..\..\bin\sgecore" prefix_auto="1" extension_auto="1" />
				<Option object_output="obj\Release\" />
				<Option type="3" />
				<Option compiler="gcc" />
				<Option createDefFile="1" />
				<Option createStaticLib="1" />
				<Compiler>
					<Add option="-O2" />
				</Compiler>
				<Linker>
					<Add library='iconv' />
					<Add library='boost_filesystem' />
					<Add library='boost_regex' />
					<Add library='boost_signals' />
					<Add directory="../../../bin" />
					<Add option="-Wl,-R,." />
					<Add option="-Wl,-R,plugins" />
				</Linker>
			</Target>
		</Build>
		<Compiler>
			<Add option="-Wall" />
			<Add option="-Wextra" />
			<Add option="-Wconversion" />
			<Add option="-Wfloat-equal" />
			<Add option="-pedantic" />
			<Add option="-ansi" />
			<Add option='-DMEDIA_PATH=\&quot;../media/\&quot;' />
			<Add option='-DPLUGIN_PATH=\&quot;plugins\&quot;' />
			<Add option='-Wno-long-long' />
		</Compiler>
		<Unit filename="..\..\..\src/algorithm.hpp" />
		<Unit filename="..\..\..\src/archive/archive.hpp" />
		<Unit filename="..\..\..\src/archive/archive_entry.hpp" />
		<Unit filename="..\..\..\src/archive/archive_loader.hpp" />
		<Unit filename="..\..\..\src/audio/audio_exception.hpp" />
		<Unit filename="..\..\..\src/audio/audio_loader/audio_file.hpp" />
		<Unit filename="..\..\..\src/audio/audio_loader/audio_loader.hpp" />
		<Unit filename="..\..\..\src/audio/audio_player/audio_player.hpp" />
		<Unit filename="..\..\..\src/audio/audio_player/sound.hpp" />
		<Unit filename="..\..\..\src/audio/audio_player/sound_angle.hpp" />
		<Unit filename="..\..\..\src/bit.hpp" />
		<Unit filename="..\..\..\src/bitfield.hpp" />
		<Unit filename="..\..\..\src/bitwise_cast.hpp" />
		<Unit filename="..\..\..\src/callback_connection.hpp" />
		<Unit filename="..\..\..\src/codecvt.hpp" />
		<Unit filename="..\..\..\src/com_deleter.hpp" />
		<Unit filename="..\..\..\src/console/console.hpp" />
		<Unit filename="..\..\..\src/console/console_gfx.hpp" />
		<Unit filename="..\..\..\src/console/src/console.cpp" />
		<Unit filename="..\..\..\src/console/src/console_gfx.cpp" />
		<Unit filename="..\..\..\src/detail/iconv_detail.hpp" />
		<Unit filename="..\..\..\src/detail/iconv_encoding_list.hpp" />
		<Unit filename="..\..\..\src/detail/library_impl.hpp" />
		<Unit filename="..\..\..\src/detail/plugin_impl.hpp" />
		<Unit filename="..\..\..\src/detail/src/iconv_detail.cpp" />
		<Unit filename="..\..\..\src/endianness.hpp" />
		<Unit filename="..\..\..\src/exception.hpp" />
		<Unit filename="..\..\..\src/export.hpp" />
		<Unit filename="..\..\..\src/field.hpp" />
		<Unit filename="..\..\..\src/font/char_metric.hpp" />
		<Unit filename="..\..\..\src/font/font_metrics.hpp" />
		<Unit filename="..\..\..\src/font/font_system.hpp" />
		<Unit filename="..\..\..\src/frames_counter.hpp" />
		<Unit filename="..\..\..\src/funptr_cast.hpp" />
		<Unit filename="..\..\..\src/gdi_device.hpp" />
		<Unit filename="..\..\..\src/heap_deleter.hpp" />
		<Unit filename="..\..\..\src/iconv.hpp" />
		<Unit filename="..\..\..\src/iconv_types.hpp" />
		<Unit filename="..\..\..\src/image/image.hpp" />
		<Unit filename="..\..\..\src/image/image_format.hpp" />
		<Unit filename="..\..\..\src/image/image_loader.hpp" />
		<Unit filename="..\..\..\src/image/src/util.cpp" />
		<Unit filename="..\..\..\src/image/util.hpp" />
		<Unit filename="..\..\..\src/init.hpp" />
		<Unit filename="..\..\..\src/input/input_system.hpp" />
		<Unit filename="..\..\..\src/input/key_mod_tracker.hpp" />
		<Unit filename="..\..\..\src/input/key_state_tracker.hpp" />
		<Unit filename="..\..\..\src/input/key_type.hpp" />
		<Unit filename="..\..\..\src/input/src/key_mod_tracker.cpp" />
		<Unit filename="..\..\..\src/input/src/key_state_tracker.cpp" />
		<Unit filename="..\..\..\src/input/src/key_type.cpp" />
		<Unit filename="..\..\..\src/istream.hpp" />
		<Unit filename="..\..\..\src/istream_impl.hpp" />
		<Unit filename="..\..\..\src/language.hpp" />
		<Unit filename="..\..\..\src/library.hpp" />
		<Unit filename="..\..\..\src/math/box.hpp" />
		<Unit filename="..\..\..\src/math/circle.hpp" />
		<Unit filename="..\..\..\src/math/constants.hpp" />
		<Unit filename="..\..\..\src/math/dim.hpp" />
		<Unit filename="..\..\..\src/math/line2.hpp" />
		<Unit filename="..\..\..\src/math/line_seg2.hpp" />
		<Unit filename="..\..\..\src/math/matrix.hpp" />
		<Unit filename="..\..\..\src/math/matrix_proxy.hpp" />
		<Unit filename="..\..\..\src/math/ray2.hpp" />
		<Unit filename="..\..\..\src/math/rect.hpp" />
		<Unit filename="..\..\..\src/math/solve2.hpp" />
		<Unit filename="..\..\..\src/math/utility.hpp" />
		<Unit filename="..\..\..\src/math/vector.hpp" />
		<Unit filename="..\..\..\src/media.hpp" />
		<Unit filename="..\..\..\src/model/md3.hpp" />
		<Unit filename="..\..\..\src/model/src/md3.cpp" />
		<Unit filename="..\..\..\src/multitree.hpp" />
		<Unit filename="..\..\..\src/multitree.old.hpp" />
		<Unit filename="..\..\..\src/othertree.hpp" />
		<Unit filename="..\..\..\src/plugin.hpp" />
		<Unit filename="..\..\..\src/plugin_manager.hpp" />
		<Unit filename="..\..\..\src/plugin_traits.hpp" />
		<Unit filename="..\..\..\src/raw_vector.hpp" />
		<Unit filename="..\..\..\src/raw_vector_impl.hpp" />
		<Unit filename="..\..\..\src/renderer/color.hpp" />
		<Unit filename="..\..\..\src/renderer/cube_texture.hpp" />
		<Unit filename="..\..\..\src/renderer/default_transformable.hpp" />
		<Unit filename="..\..\..\src/renderer/font.hpp" />
		<Unit filename="..\..\..\src/renderer/font_drawer.hpp" />
		<Unit filename="..\..\..\src/renderer/font_drawer_3d.hpp" />
		<Unit filename="..\..\..\src/renderer/font_types.hpp" />
		<Unit filename="..\..\..\src/renderer/glsl_attribute_variable.hpp" />
		<Unit filename="..\..\..\src/renderer/glsl_program.hpp" />
		<Unit filename="..\..\..\src/renderer/glsl_uniform_variable.hpp" />
		<Unit filename="..\..\..\src/renderer/hsla.hpp" />
		<Unit filename="..\..\..\src/renderer/index_buffer.hpp" />
		<Unit filename="..\..\..\src/renderer/light.hpp" />
		<Unit filename="..\..\..\src/renderer/line_strip.hpp" />
		<Unit filename="..\..\..\src/renderer/primitive.hpp" />
		<Unit filename="..\..\..\src/renderer/render_target.hpp" />
		<Unit filename="..\..\..\src/renderer/renderable.hpp" />
		<Unit filename="..\..\..\src/renderer/renderer.hpp" />
		<Unit filename="..\..\..\src/renderer/renderer_system.hpp" />
		<Unit filename="..\..\..\src/renderer/scoped_lock.hpp" />
		<Unit filename="..\..\..\src/renderer/scoped_state.hpp" />
		<Unit filename="..\..\..\src/renderer/screenshot.hpp" />
		<Unit filename="..\..\..\src/renderer/src/default_transformable.cpp" />
		<Unit filename="..\..\..\src/renderer/src/font.cpp" />
		<Unit filename="..\..\..\src/renderer/src/font_drawer_3d.cpp" />
		<Unit filename="..\..\..\src/renderer/src/hsla.cpp" />
		<Unit filename="..\..\..\src/renderer/src/light.cpp" />
		<Unit filename="..\..\..\src/renderer/src/line_strip.cpp" />
		<Unit filename="..\..\..\src/renderer/src/primitive.cpp" />
		<Unit filename="..\..\..\src/renderer/src/renderer.cpp" />
		<Unit filename="..\..\..\src/renderer/src/renderer_system.cpp" />
		<Unit filename="..\..\..\src/renderer/src/scoped_state.cpp" />
		<Unit filename="..\..\..\src/renderer/src/screenshot.cpp" />
		<Unit filename="..\..\..\src/renderer/src/types.cpp" />
		<Unit filename="..\..\..\src/renderer/src/vertex_format.cpp" />
		<Unit filename="..\..\..\src/renderer/src/viewport.cpp" />
		<Unit filename="..\..\..\src/renderer/texture.hpp" />
		<Unit filename="..\..\..\src/renderer/texture_base.hpp" />
		<Unit filename="..\..\..\src/renderer/transform.hpp" />
		<Unit filename="..\..\..\src/renderer/transformable.hpp" />
		<Unit filename="..\..\..\src/renderer/types.hpp" />
		<Unit filename="..\..\..\src/renderer/vertex.hpp" />
		<Unit filename="..\..\..\src/renderer/vertex_buffer.hpp" />
		<Unit filename="..\..\..\src/renderer/vertex_format.hpp" />
		<Unit filename="..\..\..\src/renderer/viewport.hpp" />
		<Unit filename="..\..\..\src/renderer/volume_texture.hpp" />
		<Unit filename="..\..\..\src/scoped_connection.hpp" />
		<Unit filename="..\..\..\src/shared_ptr.hpp" />
		<Unit filename="..\..\..\src/sprite/helper.hpp" />
		<Unit filename="..\..\..\src/sprite/sprite.hpp" />
		<Unit filename="..\..\..\src/sprite/src/sprite.cpp" />
		<Unit filename="..\..\..\src/sprite/src/system.cpp" />
		<Unit filename="..\..\..\src/sprite/system.hpp" />
		<Unit filename="..\..\..\src/sprite/system_impl.hpp" />
		<Unit filename="..\..\..\src/sprite/types.hpp" />
		<Unit filename="..\..\..\src/src/codecvt.cpp" />
		<Unit filename="..\..\..\src/src/endianness.cpp" />
		<Unit filename="..\..\..\src/src/frames_counter.cpp" />
		<Unit filename="..\..\..\src/src/gdi_device.cpp" />
		<Unit filename="..\..\..\src/src/iconv.cpp" />
		<Unit filename="..\..\..\src/src/init.cpp" />
		<Unit filename="..\..\..\src/src/language.cpp" />
		<Unit filename="..\..\..\src/src/library.cpp" />
		<Unit filename="..\..\..\src/src/media.cpp" />
		<Unit filename="..\..\..\src/src/plugin.cpp" />
		<Unit filename="..\..\..\src/src/plugin_manager.cpp" />
		<Unit filename="..\..\..\src/src/scoped_connection.cpp" />
		<Unit filename="..\..\..\src/src/time.cpp" />
		<Unit filename="..\..\..\src/src/timer.cpp" />
		<Unit filename="..\..\..\src/src/util.cpp" />
		<Unit filename="..\..\..\src/src/win32_conv.cpp" />
		<Unit filename="..\..\..\src/src/win32_window.cpp" />
		<Unit filename="..\..\..\src/src/window.cpp" />
		<Unit filename="..\..\..\src/src/x_display.cpp" />
		<Unit filename="..\..\..\src/src/x_window.cpp" />
		<Unit filename="..\..\..\src/string.hpp" />
		<Unit filename="..\..\..\src/stub.hpp" />
		<Unit filename="..\..\..\src/systems.hpp" />
		<Unit filename="..\..\..\src/texture/atlasing.hpp" />
		<Unit filename="..\..\..\src/texture/bsp_fragmented_texture.hpp" />
		<Unit filename="..\..\..\src/texture/fragmented_texture.hpp" />
		<Unit filename="..\..\..\src/texture/manager.hpp" />
		<Unit filename="..\..\..\src/texture/no_fragmented_texture.hpp" />
		<Unit filename="..\..\..\src/texture/rect_bsp_tree.hpp" />
		<Unit filename="..\..\..\src/texture/rect_fragmented_texture.hpp" />
		<Unit filename="..\..\..\src/texture/src/atlasing.cpp" />
		<Unit filename="..\..\..\src/texture/src/bsp_fragmented_texture.cpp" />
		<Unit filename="..\..\..\src/texture/src/manager.cpp" />
		<Unit filename="..\..\..\src/texture/src/no_fragmented_texture.cpp" />
		<Unit filename="..\..\..\src/texture/src/rect_bsp_tree.cpp" />
		<Unit filename="..\..\..\src/texture/src/rect_fragmented_texture.cpp" />
		<Unit filename="..\..\..\src/texture/src/static_texture.cpp" />
		<Unit filename="..\..\..\src/texture/src/virtual_texture.cpp" />
		<Unit filename="..\..\..\src/texture/static_texture.hpp" />
		<Unit filename="..\..\..\src/texture/virtual_texture.hpp" />
		<Unit filename="..\..\..\src/time.hpp" />
		<Unit filename="..\..\..\src/timer.hpp" />
		<Unit filename="..\..\..\src/tree.hpp" />
		<Unit filename="..\..\..\src/types.hpp" />
		<Unit filename="..\..\..\src/typeswitch.hpp" />
		<Unit filename="..\..\..\src/util.hpp" />
		<Unit filename="..\..\..\src/vector.hpp" />
		<Unit filename="..\..\..\src/win32_conv.hpp" />
		<Unit filename="..\..\..\src/win32_window.hpp" />
		<Unit filename="..\..\..\src/window.hpp" />
		<Unit filename="..\..\..\src/windows.hpp" />
		<Unit filename="..\..\..\src/x_deleter.hpp" />
		<Unit filename="..\..\..\src/x_display.hpp" />
		<Unit filename="..\..\..\src/x_window.hpp" />
		<Extensions>
			<code_completion />
		</Extensions>
	</Project>
</CodeBlocks_project_file>
