
Microsoft Visual Studio Solution File, Format Version 9.00
# Visual C++ Express 2005
Project("{8BC9CEB8-8B4A-11D0-8D11-00A0C91BC942}") = "sgecore", "sgecore\sgecore.vcproj", "{16F6E468-F410-4B3B-8C69-DEDFE781706B}"
EndProject
Project("{8BC9CEB8-8B4A-11D0-8D11-00A0C91BC942}") = "sgegui", "sgegui\sgegui.vcproj", "{B0AF6F0A-74D4-4245-830E-6A8E18AA5F18}"
EndProject
Project("{8BC9CEB8-8B4A-11D0-8D11-00A0C91BC942}") = "sgeogl", "sgeogl\sgeogl.vcproj", "{7078FEAD-6C7A-46EB-A107-63AA72BCB190}"
EndProject
Project("{8BC9CEB8-8B4A-11D0-8D11-00A0C91BC942}") = "sgedinput", "sgedinput\sgedinput.vcproj", "{6924D1E5-6A36-4D62-9850-8E57F199922F}"
EndProject
Project("{8BC9CEB8-8B4A-11D0-8D11-00A0C91BC942}") = "sged3d", "sged3d\sged3d.vcproj", "{73DEB339-72CD-4C48-A033-47E58EA21770}"
EndProject
Project("{8BC9CEB8-8B4A-11D0-8D11-00A0C91BC942}") = "sgefreetype", "sgefreetype\sgefreetype.vcproj", "{84C0FE99-8EC9-4ED5-8681-6E3CC711667C}"
EndProject
Project("{8BC9CEB8-8B4A-11D0-8D11-00A0C91BC942}") = "sgedevil", "sgedevil\sgedevil.vcproj", "{7A7065C2-5DA4-4C00-B747-1EAA4F01D715}"
EndProject
Global
	GlobalSection(SolutionConfigurationPlatforms) = preSolution
		Debug|Win32 = Debug|Win32
		Release|Win32 = Release|Win32
	EndGlobalSection
	GlobalSection(ProjectConfigurationPlatforms) = postSolution
		{16F6E468-F410-4B3B-8C69-DEDFE781706B}.Debug|Win32.ActiveCfg = Debug|Win32
		{16F6E468-F410-4B3B-8C69-DEDFE781706B}.Debug|Win32.Build.0 = Debug|Win32
		{16F6E468-F410-4B3B-8C69-DEDFE781706B}.Release|Win32.ActiveCfg = Release|Win32
		{16F6E468-F410-4B3B-8C69-DEDFE781706B}.Release|Win32.Build.0 = Release|Win32
		{B0AF6F0A-74D4-4245-830E-6A8E18AA5F18}.Debug|Win32.ActiveCfg = Debug|Win32
		{B0AF6F0A-74D4-4245-830E-6A8E18AA5F18}.Debug|Win32.Build.0 = Debug|Win32
		{B0AF6F0A-74D4-4245-830E-6A8E18AA5F18}.Release|Win32.ActiveCfg = Release|Win32
		{B0AF6F0A-74D4-4245-830E-6A8E18AA5F18}.Release|Win32.Build.0 = Release|Win32
		{7078FEAD-6C7A-46EB-A107-63AA72BCB190}.Debug|Win32.ActiveCfg = Debug|Win32
		{7078FEAD-6C7A-46EB-A107-63AA72BCB190}.Debug|Win32.Build.0 = Debug|Win32
		{7078FEAD-6C7A-46EB-A107-63AA72BCB190}.Release|Win32.ActiveCfg = Release|Win32
		{7078FEAD-6C7A-46EB-A107-63AA72BCB190}.Release|Win32.Build.0 = Release|Win32
		{6924D1E5-6A36-4D62-9850-8E57F199922F}.Debug|Win32.ActiveCfg = Debug|Win32
		{6924D1E5-6A36-4D62-9850-8E57F199922F}.Debug|Win32.Build.0 = Debug|Win32
		{6924D1E5-6A36-4D62-9850-8E57F199922F}.Release|Win32.ActiveCfg = Release|Win32
		{6924D1E5-6A36-4D62-9850-8E57F199922F}.Release|Win32.Build.0 = Release|Win32
		{73DEB339-72CD-4C48-A033-47E58EA21770}.Debug|Win32.ActiveCfg = Debug|Win32
		{73DEB339-72CD-4C48-A033-47E58EA21770}.Debug|Win32.Build.0 = Debug|Win32
		{73DEB339-72CD-4C48-A033-47E58EA21770}.Release|Win32.ActiveCfg = Release|Win32
		{73DEB339-72CD-4C48-A033-47E58EA21770}.Release|Win32.Build.0 = Release|Win32
		{84C0FE99-8EC9-4ED5-8681-6E3CC711667C}.Debug|Win32.ActiveCfg = Debug|Win32
		{84C0FE99-8EC9-4ED5-8681-6E3CC711667C}.Debug|Win32.Build.0 = Debug|Win32
		{84C0FE99-8EC9-4ED5-8681-6E3CC711667C}.Release|Win32.ActiveCfg = Release|Win32
		{84C0FE99-8EC9-4ED5-8681-6E3CC711667C}.Release|Win32.Build.0 = Release|Win32
		{7A7065C2-5DA4-4C00-B747-1EAA4F01D715}.Debug|Win32.ActiveCfg = Debug|Win32
		{7A7065C2-5DA4-4C00-B747-1EAA4F01D715}.Debug|Win32.Build.0 = Debug|Win32
		{7A7065C2-5DA4-4C00-B747-1EAA4F01D715}.Release|Win32.ActiveCfg = Release|Win32
		{7A7065C2-5DA4-4C00-B747-1EAA4F01D715}.Release|Win32.Build.0 = Release|Win32
	EndGlobalSection
	GlobalSection(SolutionProperties) = preSolution
		HideSolutionNode = FALSE
	EndGlobalSection
EndGlobal
